
Microsoft Visual Studio Solution File, Format Version 12.00
# Visual Studio Version 17
VisualStudioVersion = 17.9.34616.47
MinimumVisualStudioVersion = 10.0.40219.1
Project("{FAE04EC0-301F-11D3-BF4B-00C04F79EFBC}") = "PRODUCTOS", "PRODUCTOS\PRODUCTOS.csproj", "{5E8CBE1E-EC20-42B5-AAC0-C8924878CF97}"
EndProject
Global
	GlobalSection(SolutionConfigurationPlatforms) = preSolution
		Debug|Any CPU = Debug|Any CPU
		Release|Any CPU = Release|Any CPU
	EndGlobalSection
	GlobalSection(ProjectConfigurationPlatforms) = postSolution
		{5E8CBE1E-EC20-42B5-AAC0-C8924878CF97}.Debug|Any CPU.ActiveCfg = Debug|Any CPU
		{5E8CBE1E-EC20-42B5-AAC0-C8924878CF97}.Debug|Any CPU.Build.0 = Debug|Any CPU
		{5E8CBE1E-EC20-42B5-AAC0-C8924878CF97}.Release|Any CPU.ActiveCfg = Release|Any CPU
		{5E8CBE1E-EC20-42B5-AAC0-C8924878CF97}.Release|Any CPU.Build.0 = Release|Any CPU
	EndGlobalSection
	GlobalSection(SolutionProperties) = preSolution
		HideSolutionNode = FALSE
	EndGlobalSection
	GlobalSection(ExtensibilityGlobals) = postSolution
		SolutionGuid = {DF17935B-E70C-45F9-AA42-D429B399CD8D}
	EndGlobalSection
EndGlobal
